
Microsoft Visual Studio Solution File, Format Version 12.00
# Visual Studio Version 17
VisualStudioVersion = 17.2.32526.322
MinimumVisualStudioVersion = 10.0.40219.1
Project("{FAE04EC0-301F-11D3-BF4B-00C04F79EFBC}") = "Movies", "Movies\Movies.csproj", "{A60D48A5-2BBB-473B-B937-7F531606675D}"
EndProject
Global
	GlobalSection(SolutionConfigurationPlatforms) = preSolution
		Debug|Any CPU = Debug|Any CPU
		Release|Any CPU = Release|Any CPU
	EndGlobalSection
	GlobalSection(ProjectConfigurationPlatforms) = postSolution
		{A60D48A5-2BBB-473B-B937-7F531606675D}.Debug|Any CPU.ActiveCfg = Debug|Any CPU
		{A60D48A5-2BBB-473B-B937-7F531606675D}.Debug|Any CPU.Build.0 = Debug|Any CPU
		{A60D48A5-2BBB-473B-B937-7F531606675D}.Release|Any CPU.ActiveCfg = Release|Any CPU
		{A60D48A5-2BBB-473B-B937-7F531606675D}.Release|Any CPU.Build.0 = Release|Any CPU
	EndGlobalSection
	GlobalSection(SolutionProperties) = preSolution
		HideSolutionNode = FALSE
	EndGlobalSection
	GlobalSection(ExtensibilityGlobals) = postSolution
		SolutionGuid = {A06DBD8C-A1AD-4010-A6AE-0E7E6EBFF040}
	EndGlobalSection
EndGlobal
